
Microsoft Visual Studio Solution File, Format Version 12.00
# Visual Studio Version 17
VisualStudioVersion = 17.11.35312.102
MinimumVisualStudioVersion = 10.0.40219.1
Project("{FAE04EC0-301F-11D3-BF4B-00C04F79EFBC}") = "Json Practice Winform", "Json Practice Winform\Json Practice Winform.csproj", "{BA442366-BC5B-4B84-8EBF-6EE9DBB1EF01}"
EndProject
Global
	GlobalSection(SolutionConfigurationPlatforms) = preSolution
		Debug|Any CPU = Debug|Any CPU
		Release|Any CPU = Release|Any CPU
	EndGlobalSection
	GlobalSection(ProjectConfigurationPlatforms) = postSolution
		{BA442366-BC5B-4B84-8EBF-6EE9DBB1EF01}.Debug|Any CPU.ActiveCfg = Debug|Any CPU
		{BA442366-BC5B-4B84-8EBF-6EE9DBB1EF01}.Debug|Any CPU.Build.0 = Debug|Any CPU
		{BA442366-BC5B-4B84-8EBF-6EE9DBB1EF01}.Release|Any CPU.ActiveCfg = Release|Any CPU
		{BA442366-BC5B-4B84-8EBF-6EE9DBB1EF01}.Release|Any CPU.Build.0 = Release|Any CPU
	EndGlobalSection
	GlobalSection(SolutionProperties) = preSolution
		HideSolutionNode = FALSE
	EndGlobalSection
	GlobalSection(ExtensibilityGlobals) = postSolution
		SolutionGuid = {DCB628AC-1EDD-481E-ADA0-1D58B85AFD3C}
	EndGlobalSection
EndGlobal
